
Microsoft Visual Studio Solution File, Format Version 12.00
# Visual Studio Version 17
VisualStudioVersion = 17.3.32819.101
MinimumVisualStudioVersion = 10.0.40219.1
Project("{9A19103F-16F7-4668-BE54-9A1E7A4F7556}") = "BookStore", "BookStore\BookStore.csproj", "{9ED23DEE-6A44-4310-B9E8-CC4E889332DE}"
	ProjectSection(ProjectDependencies) = postProject
		{58202ED3-8359-49D2-A362-A80167C6724D} = {58202ED3-8359-49D2-A362-A80167C6724D}
	EndProjectSection
EndProject
Project("{9A19103F-16F7-4668-BE54-9A1E7A4F7556}") = "BookStore.Infrastructure", "BookStore.Infrastructure\BookStore.Infrastructure.csproj", "{BB214366-B162-4B7E-AC76-FCD3A9CF4F90}"
EndProject
Project("{9A19103F-16F7-4668-BE54-9A1E7A4F7556}") = "BookStore.Core", "BookStore.Core\BookStore.Core.csproj", "{58202ED3-8359-49D2-A362-A80167C6724D}"
	ProjectSection(ProjectDependencies) = postProject
		{BB214366-B162-4B7E-AC76-FCD3A9CF4F90} = {BB214366-B162-4B7E-AC76-FCD3A9CF4F90}
	EndProjectSection
EndProject
Project("{9A19103F-16F7-4668-BE54-9A1E7A4F7556}") = "BookStore.Common", "BookStore.Common\BookStore.Common.csproj", "{2E233D92-E0B0-4648-8AEA-20EB04C3DA7A}"
EndProject
Project("{FAE04EC0-301F-11D3-BF4B-00C04F79EFBC}") = "BookStore.Test", "BookStore.Test\BookStore.Test.csproj", "{DE772AB2-9B0D-4A60-90B9-A1C760EFC334}"
EndProject
Global
	GlobalSection(SolutionConfigurationPlatforms) = preSolution
		Debug|Any CPU = Debug|Any CPU
		Release|Any CPU = Release|Any CPU
	EndGlobalSection
	GlobalSection(ProjectConfigurationPlatforms) = postSolution
		{9ED23DEE-6A44-4310-B9E8-CC4E889332DE}.Debug|Any CPU.ActiveCfg = Debug|Any CPU
		{9ED23DEE-6A44-4310-B9E8-CC4E889332DE}.Debug|Any CPU.Build.0 = Debug|Any CPU
		{9ED23DEE-6A44-4310-B9E8-CC4E889332DE}.Release|Any CPU.ActiveCfg = Release|Any CPU
		{9ED23DEE-6A44-4310-B9E8-CC4E889332DE}.Release|Any CPU.Build.0 = Release|Any CPU
		{BB214366-B162-4B7E-AC76-FCD3A9CF4F90}.Debug|Any CPU.ActiveCfg = Debug|Any CPU
		{BB214366-B162-4B7E-AC76-FCD3A9CF4F90}.Debug|Any CPU.Build.0 = Debug|Any CPU
		{BB214366-B162-4B7E-AC76-FCD3A9CF4F90}.Release|Any CPU.ActiveCfg = Release|Any CPU
		{BB214366-B162-4B7E-AC76-FCD3A9CF4F90}.Release|Any CPU.Build.0 = Release|Any CPU
		{58202ED3-8359-49D2-A362-A80167C6724D}.Debug|Any CPU.ActiveCfg = Debug|Any CPU
		{58202ED3-8359-49D2-A362-A80167C6724D}.Debug|Any CPU.Build.0 = Debug|Any CPU
		{58202ED3-8359-49D2-A362-A80167C6724D}.Release|Any CPU.ActiveCfg = Release|Any CPU
		{58202ED3-8359-49D2-A362-A80167C6724D}.Release|Any CPU.Build.0 = Release|Any CPU
		{2E233D92-E0B0-4648-8AEA-20EB04C3DA7A}.Debug|Any CPU.ActiveCfg = Debug|Any CPU
		{2E233D92-E0B0-4648-8AEA-20EB04C3DA7A}.Debug|Any CPU.Build.0 = Debug|Any CPU
		{2E233D92-E0B0-4648-8AEA-20EB04C3DA7A}.Release|Any CPU.ActiveCfg = Release|Any CPU
		{2E233D92-E0B0-4648-8AEA-20EB04C3DA7A}.Release|Any CPU.Build.0 = Release|Any CPU
		{DE772AB2-9B0D-4A60-90B9-A1C760EFC334}.Debug|Any CPU.ActiveCfg = Debug|Any CPU
		{DE772AB2-9B0D-4A60-90B9-A1C760EFC334}.Debug|Any CPU.Build.0 = Debug|Any CPU
		{DE772AB2-9B0D-4A60-90B9-A1C760EFC334}.Release|Any CPU.ActiveCfg = Release|Any CPU
		{DE772AB2-9B0D-4A60-90B9-A1C760EFC334}.Release|Any CPU.Build.0 = Release|Any CPU
	EndGlobalSection
	GlobalSection(SolutionProperties) = preSolution
		HideSolutionNode = FALSE
	EndGlobalSection
	GlobalSection(ExtensibilityGlobals) = postSolution
		SolutionGuid = {3B15DDDA-4AAE-4E9A-BB43-893B4CA4461C}
	EndGlobalSection
EndGlobal
